// !$*UTF8*$!
{
	archiveVersion = 1;
	classes = {
	};
	objectVersion = 46;
	objects = {

/* Begin PBXBuildFile section */
		0011B22216B4390B0088040B /* MyLogInViewController.m in Sources */ = {isa = PBXBuildFile; fileRef = 0011B22116B4390B0088040B /* MyLogInViewController.m */; };
		0011B22516B43A090088040B /* bg.png in Resources */ = {isa = PBXBuildFile; fileRef = 0011B22416B43A090088040B /* bg.png */; };
		251B54BD16B37CE900518258 /* MASingleEventViewController.m in Sources */ = {isa = PBXBuildFile; fileRef = 251B54BB16B37CE900518258 /* MASingleEventViewController.m */; };
		251B54BE16B37CE900518258 /* MASingleEventViewController.xib in Resources */ = {isa = PBXBuildFile; fileRef = 251B54BC16B37CE900518258 /* MASingleEventViewController.xib */; };
		252C766E16B3A7E300E14940 /* raleway_thin.ttf in Resources */ = {isa = PBXBuildFile; fileRef = 252C766D16B3A7E300E14940 /* raleway_thin.ttf */; };
		252C767216B3B1BA00E14940 /* tabbarbkgd.png in Resources */ = {isa = PBXBuildFile; fileRef = 252C767116B3B1BA00E14940 /* tabbarbkgd.png */; };
		252C767516B3B41700E14940 /* MACreateEventView.m in Sources */ = {isa = PBXBuildFile; fileRef = 252C767416B3B41700E14940 /* MACreateEventView.m */; };
		252C767A16B3CD4B00E14940 /* MASingleEventView.m in Sources */ = {isa = PBXBuildFile; fileRef = 252C767916B3CD4A00E14940 /* MASingleEventView.m */; };
		252C767C16B3E24600E14940 /* Default.png in Resources */ = {isa = PBXBuildFile; fileRef = 252C767B16B3E24600E14940 /* Default.png */; };
		252C767F16B4176A00E14940 /* MAProfileView.m in Sources */ = {isa = PBXBuildFile; fileRef = 252C767E16B4176A00E14940 /* MAProfileView.m */; };
		252E512216B34D2E0057D2D1 /* Parse.framework in Frameworks */ = {isa = PBXBuildFile; fileRef = 252E512116B34D2E0057D2D1 /* Parse.framework */; };
		252E513116B34D9D0057D2D1 /* Accounts.framework in Frameworks */ = {isa = PBXBuildFile; fileRef = 252E512416B34D9D0057D2D1 /* Accounts.framework */; };
		252E513216B34D9D0057D2D1 /* AdSupport.framework in Frameworks */ = {isa = PBXBuildFile; fileRef = 252E512516B34D9D0057D2D1 /* AdSupport.framework */; };
		252E513316B34D9D0057D2D1 /* AudioToolbox.framework in Frameworks */ = {isa = PBXBuildFile; fileRef = 252E512616B34D9D0057D2D1 /* AudioToolbox.framework */; };
		252E513416B34D9D0057D2D1 /* CFNetwork.framework in Frameworks */ = {isa = PBXBuildFile; fileRef = 252E512716B34D9D0057D2D1 /* CFNetwork.framework */; };
		252E513516B34D9D0057D2D1 /* CoreLocation.framework in Frameworks */ = {isa = PBXBuildFile; fileRef = 252E512816B34D9D0057D2D1 /* CoreLocation.framework */; };
		252E513616B34D9D0057D2D1 /* libsqlite3.dylib in Frameworks */ = {isa = PBXBuildFile; fileRef = 252E512916B34D9D0057D2D1 /* libsqlite3.dylib */; };
		252E513716B34D9D0057D2D1 /* libz.1.1.3.dylib in Frameworks */ = {isa = PBXBuildFile; fileRef = 252E512A16B34D9D0057D2D1 /* libz.1.1.3.dylib */; };
		252E513816B34D9D0057D2D1 /* MobileCoreServices.framework in Frameworks */ = {isa = PBXBuildFile; fileRef = 252E512B16B34D9D0057D2D1 /* MobileCoreServices.framework */; };
		252E513916B34D9D0057D2D1 /* QuartzCore.framework in Frameworks */ = {isa = PBXBuildFile; fileRef = 252E512C16B34D9D0057D2D1 /* QuartzCore.framework */; };
		252E513A16B34D9D0057D2D1 /* Security.framework in Frameworks */ = {isa = PBXBuildFile; fileRef = 252E512D16B34D9D0057D2D1 /* Security.framework */; };
		252E513B16B34D9D0057D2D1 /* Social.framework in Frameworks */ = {isa = PBXBuildFile; fileRef = 252E512E16B34D9D0057D2D1 /* Social.framework */; };
		252E513C16B34D9D0057D2D1 /* StoreKit.framework in Frameworks */ = {isa = PBXBuildFile; fileRef = 252E512F16B34D9D0057D2D1 /* StoreKit.framework */; };
		252E513D16B34D9D0057D2D1 /* SystemConfiguration.framework in Frameworks */ = {isa = PBXBuildFile; fileRef = 252E513016B34D9D0057D2D1 /* SystemConfiguration.framework */; };
		252E514016B34F280057D2D1 /* MATabNavigation.m in Sources */ = {isa = PBXBuildFile; fileRef = 252E513F16B34F280057D2D1 /* MATabNavigation.m */; };
		2559D80C16B38F3700A08A66 /* MAEventViewCell.m in Sources */ = {isa = PBXBuildFile; fileRef = 2559D80B16B38F3700A08A66 /* MAEventViewCell.m */; };
		2559D81316B397AB00A08A66 /* DroidSans.ttf in Resources */ = {isa = PBXBuildFile; fileRef = 2559D81216B397AB00A08A66 /* DroidSans.ttf */; };
		255E304916B3548F003CA4FD /* MAMainNavController.m in Sources */ = {isa = PBXBuildFile; fileRef = 255E304816B3548F003CA4FD /* MAMainNavController.m */; };
		255E304D16B35673003CA4FD /* MAEventViewController.m in Sources */ = {isa = PBXBuildFile; fileRef = 255E304C16B35673003CA4FD /* MAEventViewController.m */; };
		255E305816B35ECA003CA4FD /* MAEventCreationViewController.m in Sources */ = {isa = PBXBuildFile; fileRef = 255E305616B35ECA003CA4FD /* MAEventCreationViewController.m */; };
		255E305916B35ECA003CA4FD /* MAEventCreationViewController.xib in Resources */ = {isa = PBXBuildFile; fileRef = 255E305716B35ECA003CA4FD /* MAEventCreationViewController.xib */; };
		25CFF68716B34C25002E4913 /* UIKit.framework in Frameworks */ = {isa = PBXBuildFile; fileRef = 25CFF68616B34C25002E4913 /* UIKit.framework */; };
		25CFF68916B34C25002E4913 /* Foundation.framework in Frameworks */ = {isa = PBXBuildFile; fileRef = 25CFF68816B34C25002E4913 /* Foundation.framework */; };
		25CFF68B16B34C25002E4913 /* CoreGraphics.framework in Frameworks */ = {isa = PBXBuildFile; fileRef = 25CFF68A16B34C25002E4913 /* CoreGraphics.framework */; };
		25CFF69116B34C25002E4913 /* InfoPlist.strings in Resources */ = {isa = PBXBuildFile; fileRef = 25CFF68F16B34C25002E4913 /* InfoPlist.strings */; };
		25CFF69316B34C25002E4913 /* main.m in Sources */ = {isa = PBXBuildFile; fileRef = 25CFF69216B34C25002E4913 /* main.m */; };
		25CFF69716B34C25002E4913 /* MAAppDelegate.m in Sources */ = {isa = PBXBuildFile; fileRef = 25CFF69616B34C25002E4913 /* MAAppDelegate.m */; };
		25CFF69B16B34C25002E4913 /* Default@2x.png in Resources */ = {isa = PBXBuildFile; fileRef = 25CFF69A16B34C25002E4913 /* Default@2x.png */; };
		25CFF69D16B34C25002E4913 /* Default-568h@2x.png in Resources */ = {isa = PBXBuildFile; fileRef = 25CFF69C16B34C25002E4913 /* Default-568h@2x.png */; };
		25F677D216B386FD00365BD2 /* MAProfileViewController.m in Sources */ = {isa = PBXBuildFile; fileRef = 25F677D016B386FD00365BD2 /* MAProfileViewController.m */; };
/* End PBXBuildFile section */

/* Begin PBXFileReference section */
		0011B22016B4390B0088040B /* MyLogInViewController.h */ = {isa = PBXFileReference; fileEncoding = 4; lastKnownFileType = sourcecode.c.h; path = MyLogInViewController.h; sourceTree = "<group>"; };
		0011B22116B4390B0088040B /* MyLogInViewController.m */ = {isa = PBXFileReference; fileEncoding = 4; lastKnownFileType = sourcecode.c.objc; path = MyLogInViewController.m; sourceTree = "<group>"; };
		0011B22416B43A090088040B /* bg.png */ = {isa = PBXFileReference; lastKnownFileType = image.png; path = bg.png; sourceTree = "<group>"; };
		251B54BA16B37CE900518258 /* MASingleEventViewController.h */ = {isa = PBXFileReference; fileEncoding = 4; lastKnownFileType = sourcecode.c.h; path = MASingleEventViewController.h; sourceTree = "<group>"; };
		251B54BB16B37CE900518258 /* MASingleEventViewController.m */ = {isa = PBXFileReference; fileEncoding = 4; lastKnownFileType = sourcecode.c.objc; path = MASingleEventViewController.m; sourceTree = "<group>"; };
		251B54BC16B37CE900518258 /* MASingleEventViewController.xib */ = {isa = PBXFileReference; fileEncoding = 4; lastKnownFileType = file.xib; path = MASingleEventViewController.xib; sourceTree = "<group>"; };
		252C766D16B3A7E300E14940 /* raleway_thin.ttf */ = {isa = PBXFileReference; lastKnownFileType = file; path = raleway_thin.ttf; sourceTree = "<group>"; };
		252C767116B3B1BA00E14940 /* tabbarbkgd.png */ = {isa = PBXFileReference; lastKnownFileType = image.png; path = tabbarbkgd.png; sourceTree = "<group>"; };
		252C767316B3B41700E14940 /* MACreateEventView.h */ = {isa = PBXFileReference; fileEncoding = 4; lastKnownFileType = sourcecode.c.h; path = MACreateEventView.h; sourceTree = "<group>"; };
		252C767416B3B41700E14940 /* MACreateEventView.m */ = {isa = PBXFileReference; fileEncoding = 4; lastKnownFileType = sourcecode.c.objc; path = MACreateEventView.m; sourceTree = "<group>"; };
		252C767816B3CD4A00E14940 /* MASingleEventView.h */ = {isa = PBXFileReference; fileEncoding = 4; lastKnownFileType = sourcecode.c.h; path = MASingleEventView.h; sourceTree = "<group>"; };
		252C767916B3CD4A00E14940 /* MASingleEventView.m */ = {isa = PBXFileReference; fileEncoding = 4; lastKnownFileType = sourcecode.c.objc; path = MASingleEventView.m; sourceTree = "<group>"; };
		252C767B16B3E24600E14940 /* Default.png */ = {isa = PBXFileReference; lastKnownFileType = image.png; path = Default.png; sourceTree = "<group>"; };
		252C767D16B4176A00E14940 /* MAProfileView.h */ = {isa = PBXFileReference; fileEncoding = 4; lastKnownFileType = sourcecode.c.h; path = MAProfileView.h; sourceTree = "<group>"; };
		252C767E16B4176A00E14940 /* MAProfileView.m */ = {isa = PBXFileReference; fileEncoding = 4; lastKnownFileType = sourcecode.c.objc; path = MAProfileView.m; sourceTree = "<group>"; };
		252E512116B34D2E0057D2D1 /* Parse.framework */ = {isa = PBXFileReference; lastKnownFileType = wrapper.framework; path = Parse.framework; sourceTree = "<group>"; };
		252E512416B34D9D0057D2D1 /* Accounts.framework */ = {isa = PBXFileReference; lastKnownFileType = wrapper.framework; name = Accounts.framework; path = System/Library/Frameworks/Accounts.framework; sourceTree = SDKROOT; };
		252E512516B34D9D0057D2D1 /* AdSupport.framework */ = {isa = PBXFileReference; lastKnownFileType = wrapper.framework; name = AdSupport.framework; path = System/Library/Frameworks/AdSupport.framework; sourceTree = SDKROOT; };
		252E512616B34D9D0057D2D1 /* AudioToolbox.framework */ = {isa = PBXFileReference; lastKnownFileType = wrapper.framework; name = AudioToolbox.framework; path = System/Library/Frameworks/AudioToolbox.framework; sourceTree = SDKROOT; };
		252E512716B34D9D0057D2D1 /* CFNetwork.framework */ = {isa = PBXFileReference; lastKnownFileType = wrapper.framework; name = CFNetwork.framework; path = System/Library/Frameworks/CFNetwork.framework; sourceTree = SDKROOT; };
		252E512816B34D9D0057D2D1 /* CoreLocation.framework */ = {isa = PBXFileReference; lastKnownFileType = wrapper.framework; name = CoreLocation.framework; path = System/Library/Frameworks/CoreLocation.framework; sourceTree = SDKROOT; };
		252E512916B34D9D0057D2D1 /* libsqlite3.dylib */ = {isa = PBXFileReference; lastKnownFileType = "compiled.mach-o.dylib"; name = libsqlite3.dylib; path = usr/lib/libsqlite3.dylib; sourceTree = SDKROOT; };
		252E512A16B34D9D0057D2D1 /* libz.1.1.3.dylib */ = {isa = PBXFileReference; lastKnownFileType = "compiled.mach-o.dylib"; name = libz.1.1.3.dylib; path = usr/lib/libz.1.1.3.dylib; sourceTree = SDKROOT; };
		252E512B16B34D9D0057D2D1 /* MobileCoreServices.framework */ = {isa = PBXFileReference; lastKnownFileType = wrapper.framework; name = MobileCoreServices.framework; path = System/Library/Frameworks/MobileCoreServices.framework; sourceTree = SDKROOT; };
		252E512C16B34D9D0057D2D1 /* QuartzCore.framework */ = {isa = PBXFileReference; lastKnownFileType = wrapper.framework; name = QuartzCore.framework; path = System/Library/Frameworks/QuartzCore.framework; sourceTree = SDKROOT; };
		252E512D16B34D9D0057D2D1 /* Security.framework */ = {isa = PBXFileReference; lastKnownFileType = wrapper.framework; name = Security.framework; path = System/Library/Frameworks/Security.framework; sourceTree = SDKROOT; };
		252E512E16B34D9D0057D2D1 /* Social.framework */ = {isa = PBXFileReference; lastKnownFileType = wrapper.framework; name = Social.framework; path = System/Library/Frameworks/Social.framework; sourceTree = SDKROOT; };
		252E512F16B34D9D0057D2D1 /* StoreKit.framework */ = {isa = PBXFileReference; lastKnownFileType = wrapper.framework; name = StoreKit.framework; path = System/Library/Frameworks/StoreKit.framework; sourceTree = SDKROOT; };
		252E513016B34D9D0057D2D1 /* SystemConfiguration.framework */ = {isa = PBXFileReference; lastKnownFileType = wrapper.framework; name = SystemConfiguration.framework; path = System/Library/Frameworks/SystemConfiguration.framework; sourceTree = SDKROOT; };
		252E513E16B34F280057D2D1 /* MATabNavigation.h */ = {isa = PBXFileReference; fileEncoding = 4; lastKnownFileType = sourcecode.c.h; path = MATabNavigation.h; sourceTree = "<group>"; };
		252E513F16B34F280057D2D1 /* MATabNavigation.m */ = {isa = PBXFileReference; fileEncoding = 4; lastKnownFileType = sourcecode.c.objc; path = MATabNavigation.m; sourceTree = "<group>"; };
		2559D80A16B38F3700A08A66 /* MAEventViewCell.h */ = {isa = PBXFileReference; fileEncoding = 4; lastKnownFileType = sourcecode.c.h; name = MAEventViewCell.h; path = ../MAEventViewCell.h; sourceTree = "<group>"; };
		2559D80B16B38F3700A08A66 /* MAEventViewCell.m */ = {isa = PBXFileReference; fileEncoding = 4; lastKnownFileType = sourcecode.c.objc; name = MAEventViewCell.m; path = ../MAEventViewCell.m; sourceTree = "<group>"; };
		2559D81216B397AB00A08A66 /* DroidSans.ttf */ = {isa = PBXFileReference; lastKnownFileType = file; path = DroidSans.ttf; sourceTree = "<group>"; };
		255E304716B3548F003CA4FD /* MAMainNavController.h */ = {isa = PBXFileReference; fileEncoding = 4; lastKnownFileType = sourcecode.c.h; path = MAMainNavController.h; sourceTree = "<group>"; };
		255E304816B3548F003CA4FD /* MAMainNavController.m */ = {isa = PBXFileReference; fileEncoding = 4; lastKnownFileType = sourcecode.c.objc; path = MAMainNavController.m; sourceTree = "<group>"; };
		255E304B16B35673003CA4FD /* MAEventViewController.h */ = {isa = PBXFileReference; fileEncoding = 4; lastKnownFileType = sourcecode.c.h; path = MAEventViewController.h; sourceTree = "<group>"; };
		255E304C16B35673003CA4FD /* MAEventViewController.m */ = {isa = PBXFileReference; fileEncoding = 4; lastKnownFileType = sourcecode.c.objc; path = MAEventViewController.m; sourceTree = "<group>"; };
		255E305516B35EC9003CA4FD /* MAEventCreationViewController.h */ = {isa = PBXFileReference; fileEncoding = 4; lastKnownFileType = sourcecode.c.h; path = MAEventCreationViewController.h; sourceTree = "<group>"; };
		255E305616B35ECA003CA4FD /* MAEventCreationViewController.m */ = {isa = PBXFileReference; fileEncoding = 4; lastKnownFileType = sourcecode.c.objc; path = MAEventCreationViewController.m; sourceTree = "<group>"; };
		255E305716B35ECA003CA4FD /* MAEventCreationViewController.xib */ = {isa = PBXFileReference; fileEncoding = 4; lastKnownFileType = file.xib; path = MAEventCreationViewController.xib; sourceTree = "<group>"; };
		25CFF68216B34C25002E4913 /* Mundi.app */ = {isa = PBXFileReference; explicitFileType = wrapper.application; includeInIndex = 0; path = Mundi.app; sourceTree = BUILT_PRODUCTS_DIR; };
		25CFF68616B34C25002E4913 /* UIKit.framework */ = {isa = PBXFileReference; lastKnownFileType = wrapper.framework; name = UIKit.framework; path = System/Library/Frameworks/UIKit.framework; sourceTree = SDKROOT; };
		25CFF68816B34C25002E4913 /* Foundation.framework */ = {isa = PBXFileReference; lastKnownFileType = wrapper.framework; name = Foundation.framework; path = System/Library/Frameworks/Foundation.framework; sourceTree = SDKROOT; };
		25CFF68A16B34C25002E4913 /* CoreGraphics.framework */ = {isa = PBXFileReference; lastKnownFileType = wrapper.framework; name = CoreGraphics.framework; path = System/Library/Frameworks/CoreGraphics.framework; sourceTree = SDKROOT; };
		25CFF68E16B34C25002E4913 /* Mundi-Info.plist */ = {isa = PBXFileReference; lastKnownFileType = text.plist.xml; path = "Mundi-Info.plist"; sourceTree = "<group>"; };
		25CFF69016B34C25002E4913 /* en */ = {isa = PBXFileReference; lastKnownFileType = text.plist.strings; name = en; path = en.lproj/InfoPlist.strings; sourceTree = "<group>"; };
		25CFF69216B34C25002E4913 /* main.m */ = {isa = PBXFileReference; lastKnownFileType = sourcecode.c.objc; path = main.m; sourceTree = "<group>"; };
		25CFF69416B34C25002E4913 /* Mundi-Prefix.pch */ = {isa = PBXFileReference; lastKnownFileType = sourcecode.c.h; path = "Mundi-Prefix.pch"; sourceTree = "<group>"; };
		25CFF69516B34C25002E4913 /* MAAppDelegate.h */ = {isa = PBXFileReference; lastKnownFileType = sourcecode.c.h; path = MAAppDelegate.h; sourceTree = "<group>"; };
		25CFF69616B34C25002E4913 /* MAAppDelegate.m */ = {isa = PBXFileReference; lastKnownFileType = sourcecode.c.objc; path = MAAppDelegate.m; sourceTree = "<group>"; };
		25CFF69A16B34C25002E4913 /* Default@2x.png */ = {isa = PBXFileReference; lastKnownFileType = image.png; path = "Default@2x.png"; sourceTree = "<group>"; };
		25CFF69C16B34C25002E4913 /* Default-568h@2x.png */ = {isa = PBXFileReference; lastKnownFileType = image.png; path = "Default-568h@2x.png"; sourceTree = "<group>"; };
		25F677CF16B386FD00365BD2 /* MAProfileViewController.h */ = {isa = PBXFileReference; fileEncoding = 4; lastKnownFileType = sourcecode.c.h; path = MAProfileViewController.h; sourceTree = "<group>"; };
		25F677D016B386FD00365BD2 /* MAProfileViewController.m */ = {isa = PBXFileReference; fileEncoding = 4; lastKnownFileType = sourcecode.c.objc; path = MAProfileViewController.m; sourceTree = "<group>"; };
/* End PBXFileReference section */

/* Begin PBXFrameworksBuildPhase section */
		25CFF67F16B34C25002E4913 /* Frameworks */ = {
			isa = PBXFrameworksBuildPhase;
			buildActionMask = 2147483647;
			files = (
				252E513116B34D9D0057D2D1 /* Accounts.framework in Frameworks */,
				252E513216B34D9D0057D2D1 /* AdSupport.framework in Frameworks */,
				252E513316B34D9D0057D2D1 /* AudioToolbox.framework in Frameworks */,
				252E513416B34D9D0057D2D1 /* CFNetwork.framework in Frameworks */,
				252E513516B34D9D0057D2D1 /* CoreLocation.framework in Frameworks */,
				252E513616B34D9D0057D2D1 /* libsqlite3.dylib in Frameworks */,
				252E513716B34D9D0057D2D1 /* libz.1.1.3.dylib in Frameworks */,
				252E513816B34D9D0057D2D1 /* MobileCoreServices.framework in Frameworks */,
				252E513916B34D9D0057D2D1 /* QuartzCore.framework in Frameworks */,
				252E513A16B34D9D0057D2D1 /* Security.framework in Frameworks */,
				252E513B16B34D9D0057D2D1 /* Social.framework in Frameworks */,
				252E513C16B34D9D0057D2D1 /* StoreKit.framework in Frameworks */,
				252E513D16B34D9D0057D2D1 /* SystemConfiguration.framework in Frameworks */,
				25CFF68B16B34C25002E4913 /* CoreGraphics.framework in Frameworks */,
				25CFF68716B34C25002E4913 /* UIKit.framework in Frameworks */,
				25CFF68916B34C25002E4913 /* Foundation.framework in Frameworks */,
				252E512216B34D2E0057D2D1 /* Parse.framework in Frameworks */,
			);
			runOnlyForDeploymentPostprocessing = 0;
		};
/* End PBXFrameworksBuildPhase section */

/* Begin PBXGroup section */
		252C767616B3B41D00E14940 /* Views */ = {
			isa = PBXGroup;
			children = (
				252C767816B3CD4A00E14940 /* MASingleEventView.h */,
				252C767916B3CD4A00E14940 /* MASingleEventView.m */,
				252C767316B3B41700E14940 /* MACreateEventView.h */,
				252C767416B3B41700E14940 /* MACreateEventView.m */,
				2559D80A16B38F3700A08A66 /* MAEventViewCell.h */,
				2559D80B16B38F3700A08A66 /* MAEventViewCell.m */,
				252C767D16B4176A00E14940 /* MAProfileView.h */,
				252C767E16B4176A00E14940 /* MAProfileView.m */,
			);
			name = Views;
			sourceTree = "<group>";
		};
		252C767716B3B42B00E14940 /* Controllers */ = {
			isa = PBXGroup;
			children = (
				255E304716B3548F003CA4FD /* MAMainNavController.h */,
				255E304816B3548F003CA4FD /* MAMainNavController.m */,
				255E305516B35EC9003CA4FD /* MAEventCreationViewController.h */,
				255E305616B35ECA003CA4FD /* MAEventCreationViewController.m */,
				255E304B16B35673003CA4FD /* MAEventViewController.h */,
				255E304C16B35673003CA4FD /* MAEventViewController.m */,
				251B54BA16B37CE900518258 /* MASingleEventViewController.h */,
				251B54BB16B37CE900518258 /* MASingleEventViewController.m */,
				25F677CF16B386FD00365BD2 /* MAProfileViewController.h */,
				25F677D016B386FD00365BD2 /* MAProfileViewController.m */,
				252E513E16B34F280057D2D1 /* MATabNavigation.h */,
				252E513F16B34F280057D2D1 /* MATabNavigation.m */,
				0011B22016B4390B0088040B /* MyLogInViewController.h */,
				0011B22116B4390B0088040B /* MyLogInViewController.m */,
			);
			name = Controllers;
			sourceTree = "<group>";
		};
		25CFF67716B34C25002E4913 = {
			isa = PBXGroup;
			children = (
				25CFF68C16B34C25002E4913 /* Mundi */,
				25CFF68516B34C25002E4913 /* Frameworks */,
				25CFF68316B34C25002E4913 /* Products */,
			);
			sourceTree = "<group>";
		};
		25CFF68316B34C25002E4913 /* Products */ = {
			isa = PBXGroup;
			children = (
				25CFF68216B34C25002E4913 /* Mundi.app */,
			);
			name = Products;
			sourceTree = "<group>";
		};
		25CFF68516B34C25002E4913 /* Frameworks */ = {
			isa = PBXGroup;
			children = (
				252E512416B34D9D0057D2D1 /* Accounts.framework */,
				252E512516B34D9D0057D2D1 /* AdSupport.framework */,
				252E512616B34D9D0057D2D1 /* AudioToolbox.framework */,
				252E512716B34D9D0057D2D1 /* CFNetwork.framework */,
				252E512816B34D9D0057D2D1 /* CoreLocation.framework */,
				252E512916B34D9D0057D2D1 /* libsqlite3.dylib */,
				252E512A16B34D9D0057D2D1 /* libz.1.1.3.dylib */,
				252E512B16B34D9D0057D2D1 /* MobileCoreServices.framework */,
				252E512C16B34D9D0057D2D1 /* QuartzCore.framework */,
				252E512D16B34D9D0057D2D1 /* Security.framework */,
				252E512E16B34D9D0057D2D1 /* Social.framework */,
				252E512F16B34D9D0057D2D1 /* StoreKit.framework */,
				252E513016B34D9D0057D2D1 /* SystemConfiguration.framework */,
				252E512116B34D2E0057D2D1 /* Parse.framework */,
				25CFF68616B34C25002E4913 /* UIKit.framework */,
				25CFF68816B34C25002E4913 /* Foundation.framework */,
				25CFF68A16B34C25002E4913 /* CoreGraphics.framework */,
			);
			name = Frameworks;
			sourceTree = "<group>";
		};
		25CFF68C16B34C25002E4913 /* Mundi */ = {
			isa = PBXGroup;
			children = (
				252C767716B3B42B00E14940 /* Controllers */,
				252C767616B3B41D00E14940 /* Views */,
				25CFF69516B34C25002E4913 /* MAAppDelegate.h */,
				25CFF69616B34C25002E4913 /* MAAppDelegate.m */,
				255E305716B35ECA003CA4FD /* MAEventCreationViewController.xib */,
				251B54BC16B37CE900518258 /* MASingleEventViewController.xib */,
				25CFF68D16B34C25002E4913 /* Supporting Files */,
			);
			path = Mundi;
			sourceTree = "<group>";
		};
		25CFF68D16B34C25002E4913 /* Supporting Files */ = {
			isa = PBXGroup;
			children = (
				252C767B16B3E24600E14940 /* Default.png */,
				0011B22416B43A090088040B /* bg.png */,
				252C767116B3B1BA00E14940 /* tabbarbkgd.png */,
				252C766D16B3A7E300E14940 /* raleway_thin.ttf */,
				2559D81216B397AB00A08A66 /* DroidSans.ttf */,
				25CFF68E16B34C25002E4913 /* Mundi-Info.plist */,
				25CFF68F16B34C25002E4913 /* InfoPlist.strings */,
				25CFF69216B34C25002E4913 /* main.m */,
				25CFF69416B34C25002E4913 /* Mundi-Prefix.pch */,
				25CFF69A16B34C25002E4913 /* Default@2x.png */,
				25CFF69C16B34C25002E4913 /* Default-568h@2x.png */,
			);
			name = "Supporting Files";
			sourceTree = "<group>";
		};
/* End PBXGroup section */

/* Begin PBXNativeTarget section */
		25CFF68116B34C25002E4913 /* Mundi */ = {
			isa = PBXNativeTarget;
			buildConfigurationList = 25CFF6A016B34C25002E4913 /* Build configuration list for PBXNativeTarget "Mundi" */;
			buildPhases = (
				25CFF67E16B34C25002E4913 /* Sources */,
				25CFF67F16B34C25002E4913 /* Frameworks */,
				25CFF68016B34C25002E4913 /* Resources */,
			);
			buildRules = (
			);
			dependencies = (
			);
			name = Mundi;
			productName = Mundi;
			productReference = 25CFF68216B34C25002E4913 /* Mundi.app */;
			productType = "com.apple.product-type.application";
		};
/* End PBXNativeTarget section */

/* Begin PBXProject section */
		25CFF67916B34C25002E4913 /* Project object */ = {
			isa = PBXProject;
			attributes = {
				CLASSPREFIX = MA;
				LastUpgradeCheck = 0450;
				ORGANIZATIONNAME = hedrick.tyler;
			};
			buildConfigurationList = 25CFF67C16B34C25002E4913 /* Build configuration list for PBXProject "Mundi" */;
			compatibilityVersion = "Xcode 3.2";
			developmentRegion = English;
			hasScannedForEncodings = 0;
			knownRegions = (
				en,
			);
			mainGroup = 25CFF67716B34C25002E4913;
			productRefGroup = 25CFF68316B34C25002E4913 /* Products */;
			projectDirPath = "";
			projectRoot = "";
			targets = (
				25CFF68116B34C25002E4913 /* Mundi */,
			);
		};
/* End PBXProject section */

/* Begin PBXResourcesBuildPhase section */
		25CFF68016B34C25002E4913 /* Resources */ = {
			isa = PBXResourcesBuildPhase;
			buildActionMask = 2147483647;
			files = (
				25CFF69116B34C25002E4913 /* InfoPlist.strings in Resources */,
				25CFF69B16B34C25002E4913 /* Default@2x.png in Resources */,
				25CFF69D16B34C25002E4913 /* Default-568h@2x.png in Resources */,
				255E305916B35ECA003CA4FD /* MAEventCreationViewController.xib in Resources */,
				251B54BE16B37CE900518258 /* MASingleEventViewController.xib in Resources */,
				2559D81316B397AB00A08A66 /* DroidSans.ttf in Resources */,
				252C766E16B3A7E300E14940 /* raleway_thin.ttf in Resources */,
				252C767216B3B1BA00E14940 /* tabbarbkgd.png in Resources */,
				252C767C16B3E24600E14940 /* Default.png in Resources */,
				0011B22516B43A090088040B /* bg.png in Resources */,
			);
			runOnlyForDeploymentPostprocessing = 0;
		};
/* End PBXResourcesBuildPhase section */

/* Begin PBXSourcesBuildPhase section */
		25CFF67E16B34C25002E4913 /* Sources */ = {
			isa = PBXSourcesBuildPhase;
			buildActionMask = 2147483647;
			files = (
				25CFF69316B34C25002E4913 /* main.m in Sources */,
				25CFF69716B34C25002E4913 /* MAAppDelegate.m in Sources */,
				252E514016B34F280057D2D1 /* MATabNavigation.m in Sources */,
				255E304916B3548F003CA4FD /* MAMainNavController.m in Sources */,
				255E304D16B35673003CA4FD /* MAEventViewController.m in Sources */,
				255E305816B35ECA003CA4FD /* MAEventCreationViewController.m in Sources */,
				251B54BD16B37CE900518258 /* MASingleEventViewController.m in Sources */,
				25F677D216B386FD00365BD2 /* MAProfileViewController.m in Sources */,
				2559D80C16B38F3700A08A66 /* MAEventViewCell.m in Sources */,
				252C767516B3B41700E14940 /* MACreateEventView.m in Sources */,
				252C767A16B3CD4B00E14940 /* MASingleEventView.m in Sources */,
				252C767F16B4176A00E14940 /* MAProfileView.m in Sources */,
				0011B22216B4390B0088040B /* MyLogInViewController.m in Sources */,
			);
			runOnlyForDeploymentPostprocessing = 0;
		};
/* End PBXSourcesBuildPhase section */

/* Begin PBXVariantGroup section */
		25CFF68F16B34C25002E4913 /* InfoPlist.strings */ = {
			isa = PBXVariantGroup;
			children = (
				25CFF69016B34C25002E4913 /* en */,
			);
			name = InfoPlist.strings;
			sourceTree = "<group>";
		};
/* End PBXVariantGroup section */

/* Begin XCBuildConfiguration section */
		25CFF69E16B34C25002E4913 /* Debug */ = {
			isa = XCBuildConfiguration;
			buildSettings = {
				ALWAYS_SEARCH_USER_PATHS = NO;
				CLANG_CXX_LANGUAGE_STANDARD = "gnu++0x";
				CLANG_CXX_LIBRARY = "libc++";
				CLANG_ENABLE_OBJC_ARC = YES;
				CLANG_WARN_EMPTY_BODY = YES;
				CLANG_WARN__DUPLICATE_METHOD_MATCH = YES;
				"CODE_SIGN_IDENTITY[sdk=iphoneos*]" = "iPhone Developer";
				COPY_PHASE_STRIP = NO;
				GCC_C_LANGUAGE_STANDARD = gnu99;
				GCC_DYNAMIC_NO_PIC = NO;
				GCC_OPTIMIZATION_LEVEL = 0;
				GCC_PREPROCESSOR_DEFINITIONS = (
					"DEBUG=1",
					"$(inherited)",
				);
				GCC_SYMBOLS_PRIVATE_EXTERN = NO;
				GCC_WARN_ABOUT_RETURN_TYPE = YES;
				GCC_WARN_UNINITIALIZED_AUTOS = YES;
				GCC_WARN_UNUSED_VARIABLE = YES;
				IPHONEOS_DEPLOYMENT_TARGET = 6.0;
				ONLY_ACTIVE_ARCH = YES;
				SDKROOT = iphoneos;
			};
			name = Debug;
		};
		25CFF69F16B34C25002E4913 /* Release */ = {
			isa = XCBuildConfiguration;
			buildSettings = {
				ALWAYS_SEARCH_USER_PATHS = NO;
				CLANG_CXX_LANGUAGE_STANDARD = "gnu++0x";
				CLANG_CXX_LIBRARY = "libc++";
				CLANG_ENABLE_OBJC_ARC = YES;
				CLANG_WARN_EMPTY_BODY = YES;
				CLANG_WARN__DUPLICATE_METHOD_MATCH = YES;
				"CODE_SIGN_IDENTITY[sdk=iphoneos*]" = "iPhone Developer";
				COPY_PHASE_STRIP = YES;
				GCC_C_LANGUAGE_STANDARD = gnu99;
				GCC_WARN_ABOUT_RETURN_TYPE = YES;
				GCC_WARN_UNINITIALIZED_AUTOS = YES;
				GCC_WARN_UNUSED_VARIABLE = YES;
				IPHONEOS_DEPLOYMENT_TARGET = 6.0;
				OTHER_CFLAGS = "-DNS_BLOCK_ASSERTIONS=1";
				SDKROOT = iphoneos;
				VALIDATE_PRODUCT = YES;
			};
			name = Release;
		};
		25CFF6A116B34C25002E4913 /* Debug */ = {
			isa = XCBuildConfiguration;
			buildSettings = {
				FRAMEWORK_SEARCH_PATHS = (
					"$(inherited)",
					"\"$(SRCROOT)\"",
				);
				GCC_PRECOMPILE_PREFIX_HEADER = YES;
				GCC_PREFIX_HEADER = "Mundi/Mundi-Prefix.pch";
				INFOPLIST_FILE = "Mundi/Mundi-Info.plist";
				PRODUCT_NAME = "$(TARGET_NAME)";
				WRAPPER_EXTENSION = app;
			};
			name = Debug;
		};
		25CFF6A216B34C25002E4913 /* Release */ = {
			isa = XCBuildConfiguration;
			buildSettings = {
				FRAMEWORK_SEARCH_PATHS = (
					"$(inherited)",
					"\"$(SRCROOT)\"",
				);
				GCC_PRECOMPILE_PREFIX_HEADER = YES;
				GCC_PREFIX_HEADER = "Mundi/Mundi-Prefix.pch";
				INFOPLIST_FILE = "Mundi/Mundi-Info.plist";
				PRODUCT_NAME = "$(TARGET_NAME)";
				WRAPPER_EXTENSION = app;
			};
			name = Release;
		};
/* End XCBuildConfiguration section */

/* Begin XCConfigurationList section */
		25CFF67C16B34C25002E4913 /* Build configuration list for PBXProject "Mundi" */ = {
			isa = XCConfigurationList;
			buildConfigurations = (
				25CFF69E16B34C25002E4913 /* Debug */,
				25CFF69F16B34C25002E4913 /* Release */,
			);
			defaultConfigurationIsVisible = 0;
			defaultConfigurationName = Release;
		};
		25CFF6A016B34C25002E4913 /* Build configuration list for PBXNativeTarget "Mundi" */ = {
			isa = XCConfigurationList;
			buildConfigurations = (
				25CFF6A116B34C25002E4913 /* Debug */,
				25CFF6A216B34C25002E4913 /* Release */,
			);
			defaultConfigurationIsVisible = 0;
			defaultConfigurationName = Release;
		};
/* End XCConfigurationList section */
	};
	rootObject = 25CFF67916B34C25002E4913 /* Project object */;
}
